
Microsoft Visual Studio Solution File, Format Version 12.00
# Visual Studio Version 17
VisualStudioVersion = 17.7.34009.444
MinimumVisualStudioVersion = 10.0.40219.1
Project("{888888A0-9F3D-457C-B088-3A5042F75D52}") = "Incognito", "Incognito\Incognito.pyproj", "{9C34CE28-1D3B-4CD0-9360-00DED007F590}"
EndProject
Global
	GlobalSection(SolutionConfigurationPlatforms) = preSolution
		Debug|Any CPU = Debug|Any CPU
		Release|Any CPU = Release|Any CPU
	EndGlobalSection
	GlobalSection(ProjectConfigurationPlatforms) = postSolution
		{9C34CE28-1D3B-4CD0-9360-00DED007F590}.Debug|Any CPU.ActiveCfg = Debug|Any CPU
		{9C34CE28-1D3B-4CD0-9360-00DED007F590}.Release|Any CPU.ActiveCfg = Release|Any CPU
	EndGlobalSection
	GlobalSection(SolutionProperties) = preSolution
		HideSolutionNode = FALSE
	EndGlobalSection
	GlobalSection(ExtensibilityGlobals) = postSolution
		SolutionGuid = {E23567E9-B929-4CF7-A027-EC20163B9EAF}
	EndGlobalSection
EndGlobal
